
Microsoft Visual Studio Solution File, Format Version 12.00
# Visual Studio 15
VisualStudioVersion = 15.0.26124.0
MinimumVisualStudioVersion = 15.0.26124.0
Project("{FAE04EC0-301F-11D3-BF4B-00C04F79EFBC}") = "WebAPICore", "WebAPICore\WebAPICore.csproj", "{F862768F-EDB3-4AC8-88D8-9EBDEF021022}"
EndProject
Project("{2150E333-8FDC-42A3-9474-1A3956D46DE8}") = "Common", "Common", "{B60910D3-F39D-4791-93AF-F8AA1C59E8B9}"
EndProject
Project("{FAE04EC0-301F-11D3-BF4B-00C04F79EFBC}") = "WebAPICore.Common", "Common\WebAPICore.Common\WebAPICore.Common.csproj", "{F9ABB4A8-BE2E-4636-B9E6-EB331D5C660C}"
EndProject
Project("{2150E333-8FDC-42A3-9474-1A3956D46DE8}") = "Data Access", "Data Access", "{B7FB2357-806B-425F-AE9F-E8DDA0893249}"
EndProject
Project("{FAE04EC0-301F-11D3-BF4B-00C04F79EFBC}") = "WebAPICore.DataAccess", "Data Access\WebAPICore.DataAccess\WebAPICore.DataAccess.csproj", "{C7E10109-754C-4AA2-AB7C-CAD7DD97114B}"
EndProject
Project("{FAE04EC0-301F-11D3-BF4B-00C04F79EFBC}") = "WebAPICore.DataModel", "Data Access\WebAPICore.DataModel\WebAPICore.DataModel.csproj", "{518689A7-42AB-411C-AD6B-AFA716DC729A}"
EndProject
Project("{FAE04EC0-301F-11D3-BF4B-00C04F79EFBC}") = "WebAPICore.DataTransferObject", "Data Access\WebAPICore.DataTransferObject\WebAPICore.DataTransferObject.csproj", "{DDBE32B3-839D-4B94-B9C7-9CFE28F41AE5}"
EndProject
Project("{2150E333-8FDC-42A3-9474-1A3956D46DE8}") = "Service", "Service", "{FBB59A85-0CC2-460C-95CB-24ACD5593896}"
EndProject
Project("{FAE04EC0-301F-11D3-BF4B-00C04F79EFBC}") = "WebAPICore.ApplicationAPI", "Service\WebAPICore.ApplicationAPI\WebAPICore.ApplicationAPI.csproj", "{82D5AC50-8179-413E-9721-FFA06B36621A}"
EndProject
Project("{FAE04EC0-301F-11D3-BF4B-00C04F79EFBC}") = "WebAPICore.Service", "Service\WebAPICore.Service\WebAPICore.Service.csproj", "{AC79FBF2-1BE8-4ECF-B44A-78761766E086}"
EndProject
Project("{FAE04EC0-301F-11D3-BF4B-00C04F79EFBC}") = "WebAPICore.ThirdParty", "Service\WebAPICore.ThirdParty\WebAPICore.ThirdParty.csproj", "{FE049AED-6327-41B4-90DC-0EAC7705BC88}"
EndProject
Global
	GlobalSection(SolutionConfigurationPlatforms) = preSolution
		Debug|Any CPU = Debug|Any CPU
		Debug|x64 = Debug|x64
		Debug|x86 = Debug|x86
		Release|Any CPU = Release|Any CPU
		Release|x64 = Release|x64
		Release|x86 = Release|x86
	EndGlobalSection
	GlobalSection(SolutionProperties) = preSolution
		HideSolutionNode = FALSE
	EndGlobalSection
	GlobalSection(ProjectConfigurationPlatforms) = postSolution
		{F862768F-EDB3-4AC8-88D8-9EBDEF021022}.Debug|Any CPU.ActiveCfg = Debug|Any CPU
		{F862768F-EDB3-4AC8-88D8-9EBDEF021022}.Debug|Any CPU.Build.0 = Debug|Any CPU
		{F862768F-EDB3-4AC8-88D8-9EBDEF021022}.Debug|x64.ActiveCfg = Debug|Any CPU
		{F862768F-EDB3-4AC8-88D8-9EBDEF021022}.Debug|x64.Build.0 = Debug|Any CPU
		{F862768F-EDB3-4AC8-88D8-9EBDEF021022}.Debug|x86.ActiveCfg = Debug|Any CPU
		{F862768F-EDB3-4AC8-88D8-9EBDEF021022}.Debug|x86.Build.0 = Debug|Any CPU
		{F862768F-EDB3-4AC8-88D8-9EBDEF021022}.Release|Any CPU.ActiveCfg = Release|Any CPU
		{F862768F-EDB3-4AC8-88D8-9EBDEF021022}.Release|Any CPU.Build.0 = Release|Any CPU
		{F862768F-EDB3-4AC8-88D8-9EBDEF021022}.Release|x64.ActiveCfg = Release|Any CPU
		{F862768F-EDB3-4AC8-88D8-9EBDEF021022}.Release|x64.Build.0 = Release|Any CPU
		{F862768F-EDB3-4AC8-88D8-9EBDEF021022}.Release|x86.ActiveCfg = Release|Any CPU
		{F862768F-EDB3-4AC8-88D8-9EBDEF021022}.Release|x86.Build.0 = Release|Any CPU
		{F9ABB4A8-BE2E-4636-B9E6-EB331D5C660C}.Debug|Any CPU.ActiveCfg = Debug|Any CPU
		{F9ABB4A8-BE2E-4636-B9E6-EB331D5C660C}.Debug|Any CPU.Build.0 = Debug|Any CPU
		{F9ABB4A8-BE2E-4636-B9E6-EB331D5C660C}.Debug|x64.ActiveCfg = Debug|Any CPU
		{F9ABB4A8-BE2E-4636-B9E6-EB331D5C660C}.Debug|x64.Build.0 = Debug|Any CPU
		{F9ABB4A8-BE2E-4636-B9E6-EB331D5C660C}.Debug|x86.ActiveCfg = Debug|Any CPU
		{F9ABB4A8-BE2E-4636-B9E6-EB331D5C660C}.Debug|x86.Build.0 = Debug|Any CPU
		{F9ABB4A8-BE2E-4636-B9E6-EB331D5C660C}.Release|Any CPU.ActiveCfg = Release|Any CPU
		{F9ABB4A8-BE2E-4636-B9E6-EB331D5C660C}.Release|Any CPU.Build.0 = Release|Any CPU
		{F9ABB4A8-BE2E-4636-B9E6-EB331D5C660C}.Release|x64.ActiveCfg = Release|Any CPU
		{F9ABB4A8-BE2E-4636-B9E6-EB331D5C660C}.Release|x64.Build.0 = Release|Any CPU
		{F9ABB4A8-BE2E-4636-B9E6-EB331D5C660C}.Release|x86.ActiveCfg = Release|Any CPU
		{F9ABB4A8-BE2E-4636-B9E6-EB331D5C660C}.Release|x86.Build.0 = Release|Any CPU
		{C7E10109-754C-4AA2-AB7C-CAD7DD97114B}.Debug|Any CPU.ActiveCfg = Debug|Any CPU
		{C7E10109-754C-4AA2-AB7C-CAD7DD97114B}.Debug|Any CPU.Build.0 = Debug|Any CPU
		{C7E10109-754C-4AA2-AB7C-CAD7DD97114B}.Debug|x64.ActiveCfg = Debug|Any CPU
		{C7E10109-754C-4AA2-AB7C-CAD7DD97114B}.Debug|x64.Build.0 = Debug|Any CPU
		{C7E10109-754C-4AA2-AB7C-CAD7DD97114B}.Debug|x86.ActiveCfg = Debug|Any CPU
		{C7E10109-754C-4AA2-AB7C-CAD7DD97114B}.Debug|x86.Build.0 = Debug|Any CPU
		{C7E10109-754C-4AA2-AB7C-CAD7DD97114B}.Release|Any CPU.ActiveCfg = Release|Any CPU
		{C7E10109-754C-4AA2-AB7C-CAD7DD97114B}.Release|Any CPU.Build.0 = Release|Any CPU
		{C7E10109-754C-4AA2-AB7C-CAD7DD97114B}.Release|x64.ActiveCfg = Release|Any CPU
		{C7E10109-754C-4AA2-AB7C-CAD7DD97114B}.Release|x64.Build.0 = Release|Any CPU
		{C7E10109-754C-4AA2-AB7C-CAD7DD97114B}.Release|x86.ActiveCfg = Release|Any CPU
		{C7E10109-754C-4AA2-AB7C-CAD7DD97114B}.Release|x86.Build.0 = Release|Any CPU
		{518689A7-42AB-411C-AD6B-AFA716DC729A}.Debug|Any CPU.ActiveCfg = Debug|Any CPU
		{518689A7-42AB-411C-AD6B-AFA716DC729A}.Debug|Any CPU.Build.0 = Debug|Any CPU
		{518689A7-42AB-411C-AD6B-AFA716DC729A}.Debug|x64.ActiveCfg = Debug|Any CPU
		{518689A7-42AB-411C-AD6B-AFA716DC729A}.Debug|x64.Build.0 = Debug|Any CPU
		{518689A7-42AB-411C-AD6B-AFA716DC729A}.Debug|x86.ActiveCfg = Debug|Any CPU
		{518689A7-42AB-411C-AD6B-AFA716DC729A}.Debug|x86.Build.0 = Debug|Any CPU
		{518689A7-42AB-411C-AD6B-AFA716DC729A}.Release|Any CPU.ActiveCfg = Release|Any CPU
		{518689A7-42AB-411C-AD6B-AFA716DC729A}.Release|Any CPU.Build.0 = Release|Any CPU
		{518689A7-42AB-411C-AD6B-AFA716DC729A}.Release|x64.ActiveCfg = Release|Any CPU
		{518689A7-42AB-411C-AD6B-AFA716DC729A}.Release|x64.Build.0 = Release|Any CPU
		{518689A7-42AB-411C-AD6B-AFA716DC729A}.Release|x86.ActiveCfg = Release|Any CPU
		{518689A7-42AB-411C-AD6B-AFA716DC729A}.Release|x86.Build.0 = Release|Any CPU
		{DDBE32B3-839D-4B94-B9C7-9CFE28F41AE5}.Debug|Any CPU.ActiveCfg = Debug|Any CPU
		{DDBE32B3-839D-4B94-B9C7-9CFE28F41AE5}.Debug|Any CPU.Build.0 = Debug|Any CPU
		{DDBE32B3-839D-4B94-B9C7-9CFE28F41AE5}.Debug|x64.ActiveCfg = Debug|Any CPU
		{DDBE32B3-839D-4B94-B9C7-9CFE28F41AE5}.Debug|x64.Build.0 = Debug|Any CPU
		{DDBE32B3-839D-4B94-B9C7-9CFE28F41AE5}.Debug|x86.ActiveCfg = Debug|Any CPU
		{DDBE32B3-839D-4B94-B9C7-9CFE28F41AE5}.Debug|x86.Build.0 = Debug|Any CPU
		{DDBE32B3-839D-4B94-B9C7-9CFE28F41AE5}.Release|Any CPU.ActiveCfg = Release|Any CPU
		{DDBE32B3-839D-4B94-B9C7-9CFE28F41AE5}.Release|Any CPU.Build.0 = Release|Any CPU
		{DDBE32B3-839D-4B94-B9C7-9CFE28F41AE5}.Release|x64.ActiveCfg = Release|Any CPU
		{DDBE32B3-839D-4B94-B9C7-9CFE28F41AE5}.Release|x64.Build.0 = Release|Any CPU
		{DDBE32B3-839D-4B94-B9C7-9CFE28F41AE5}.Release|x86.ActiveCfg = Release|Any CPU
		{DDBE32B3-839D-4B94-B9C7-9CFE28F41AE5}.Release|x86.Build.0 = Release|Any CPU
		{82D5AC50-8179-413E-9721-FFA06B36621A}.Debug|Any CPU.ActiveCfg = Debug|Any CPU
		{82D5AC50-8179-413E-9721-FFA06B36621A}.Debug|Any CPU.Build.0 = Debug|Any CPU
		{82D5AC50-8179-413E-9721-FFA06B36621A}.Debug|x64.ActiveCfg = Debug|Any CPU
		{82D5AC50-8179-413E-9721-FFA06B36621A}.Debug|x64.Build.0 = Debug|Any CPU
		{82D5AC50-8179-413E-9721-FFA06B36621A}.Debug|x86.ActiveCfg = Debug|Any CPU
		{82D5AC50-8179-413E-9721-FFA06B36621A}.Debug|x86.Build.0 = Debug|Any CPU
		{82D5AC50-8179-413E-9721-FFA06B36621A}.Release|Any CPU.ActiveCfg = Release|Any CPU
		{82D5AC50-8179-413E-9721-FFA06B36621A}.Release|Any CPU.Build.0 = Release|Any CPU
		{82D5AC50-8179-413E-9721-FFA06B36621A}.Release|x64.ActiveCfg = Release|Any CPU
		{82D5AC50-8179-413E-9721-FFA06B36621A}.Release|x64.Build.0 = Release|Any CPU
		{82D5AC50-8179-413E-9721-FFA06B36621A}.Release|x86.ActiveCfg = Release|Any CPU
		{82D5AC50-8179-413E-9721-FFA06B36621A}.Release|x86.Build.0 = Release|Any CPU
		{AC79FBF2-1BE8-4ECF-B44A-78761766E086}.Debug|Any CPU.ActiveCfg = Debug|Any CPU
		{AC79FBF2-1BE8-4ECF-B44A-78761766E086}.Debug|Any CPU.Build.0 = Debug|Any CPU
		{AC79FBF2-1BE8-4ECF-B44A-78761766E086}.Debug|x64.ActiveCfg = Debug|Any CPU
		{AC79FBF2-1BE8-4ECF-B44A-78761766E086}.Debug|x64.Build.0 = Debug|Any CPU
		{AC79FBF2-1BE8-4ECF-B44A-78761766E086}.Debug|x86.ActiveCfg = Debug|Any CPU
		{AC79FBF2-1BE8-4ECF-B44A-78761766E086}.Debug|x86.Build.0 = Debug|Any CPU
		{AC79FBF2-1BE8-4ECF-B44A-78761766E086}.Release|Any CPU.ActiveCfg = Release|Any CPU
		{AC79FBF2-1BE8-4ECF-B44A-78761766E086}.Release|Any CPU.Build.0 = Release|Any CPU
		{AC79FBF2-1BE8-4ECF-B44A-78761766E086}.Release|x64.ActiveCfg = Release|Any CPU
		{AC79FBF2-1BE8-4ECF-B44A-78761766E086}.Release|x64.Build.0 = Release|Any CPU
		{AC79FBF2-1BE8-4ECF-B44A-78761766E086}.Release|x86.ActiveCfg = Release|Any CPU
		{AC79FBF2-1BE8-4ECF-B44A-78761766E086}.Release|x86.Build.0 = Release|Any CPU
		{FE049AED-6327-41B4-90DC-0EAC7705BC88}.Debug|Any CPU.ActiveCfg = Debug|Any CPU
		{FE049AED-6327-41B4-90DC-0EAC7705BC88}.Debug|Any CPU.Build.0 = Debug|Any CPU
		{FE049AED-6327-41B4-90DC-0EAC7705BC88}.Debug|x64.ActiveCfg = Debug|Any CPU
		{FE049AED-6327-41B4-90DC-0EAC7705BC88}.Debug|x64.Build.0 = Debug|Any CPU
		{FE049AED-6327-41B4-90DC-0EAC7705BC88}.Debug|x86.ActiveCfg = Debug|Any CPU
		{FE049AED-6327-41B4-90DC-0EAC7705BC88}.Debug|x86.Build.0 = Debug|Any CPU
		{FE049AED-6327-41B4-90DC-0EAC7705BC88}.Release|Any CPU.ActiveCfg = Release|Any CPU
		{FE049AED-6327-41B4-90DC-0EAC7705BC88}.Release|Any CPU.Build.0 = Release|Any CPU
		{FE049AED-6327-41B4-90DC-0EAC7705BC88}.Release|x64.ActiveCfg = Release|Any CPU
		{FE049AED-6327-41B4-90DC-0EAC7705BC88}.Release|x64.Build.0 = Release|Any CPU
		{FE049AED-6327-41B4-90DC-0EAC7705BC88}.Release|x86.ActiveCfg = Release|Any CPU
		{FE049AED-6327-41B4-90DC-0EAC7705BC88}.Release|x86.Build.0 = Release|Any CPU
	EndGlobalSection
	GlobalSection(NestedProjects) = preSolution
		{F9ABB4A8-BE2E-4636-B9E6-EB331D5C660C} = {B60910D3-F39D-4791-93AF-F8AA1C59E8B9}
		{C7E10109-754C-4AA2-AB7C-CAD7DD97114B} = {B7FB2357-806B-425F-AE9F-E8DDA0893249}
		{518689A7-42AB-411C-AD6B-AFA716DC729A} = {B7FB2357-806B-425F-AE9F-E8DDA0893249}
		{DDBE32B3-839D-4B94-B9C7-9CFE28F41AE5} = {B7FB2357-806B-425F-AE9F-E8DDA0893249}
		{82D5AC50-8179-413E-9721-FFA06B36621A} = {FBB59A85-0CC2-460C-95CB-24ACD5593896}
		{AC79FBF2-1BE8-4ECF-B44A-78761766E086} = {FBB59A85-0CC2-460C-95CB-24ACD5593896}
		{FE049AED-6327-41B4-90DC-0EAC7705BC88} = {FBB59A85-0CC2-460C-95CB-24ACD5593896}
	EndGlobalSection
EndGlobal
